
Microsoft Visual Studio Solution File, Format Version 12.00
# Visual Studio Version 17
VisualStudioVersion = 17.7.34221.43
MinimumVisualStudioVersion = 10.0.40219.1
Project("{FAE04EC0-301F-11D3-BF4B-00C04F79EFBC}") = "10", "10\10.csproj", "{448B556C-6F74-4CA8-95E1-64F5D7FCB4DB}"
EndProject
Global
	GlobalSection(SolutionConfigurationPlatforms) = preSolution
		Debug|Any CPU = Debug|Any CPU
		Release|Any CPU = Release|Any CPU
	EndGlobalSection
	GlobalSection(ProjectConfigurationPlatforms) = postSolution
		{448B556C-6F74-4CA8-95E1-64F5D7FCB4DB}.Debug|Any CPU.ActiveCfg = Debug|Any CPU
		{448B556C-6F74-4CA8-95E1-64F5D7FCB4DB}.Debug|Any CPU.Build.0 = Debug|Any CPU
		{448B556C-6F74-4CA8-95E1-64F5D7FCB4DB}.Release|Any CPU.ActiveCfg = Release|Any CPU
		{448B556C-6F74-4CA8-95E1-64F5D7FCB4DB}.Release|Any CPU.Build.0 = Release|Any CPU
	EndGlobalSection
	GlobalSection(SolutionProperties) = preSolution
		HideSolutionNode = FALSE
	EndGlobalSection
	GlobalSection(ExtensibilityGlobals) = postSolution
		SolutionGuid = {7B57D270-E8FD-48F8-92E0-408AB572EC65}
	EndGlobalSection
EndGlobal
